
Microsoft Visual Studio Solution File, Format Version 12.00
# Visual Studio Version 17
VisualStudioVersion = 17.7.34031.279
MinimumVisualStudioVersion = 10.0.40219.1
Project("{FAE04EC0-301F-11D3-BF4B-00C04F79EFBC}") = "QuanLyThuVien", "QuanLyThuVienC#\QuanLyThuVien.csproj", "{01AEF0BC-1DDD-4499-9697-370AACC2972E}"
EndProject
Global
	GlobalSection(SolutionConfigurationPlatforms) = preSolution
		Debug|Any CPU = Debug|Any CPU
		Release|Any CPU = Release|Any CPU
	EndGlobalSection
	GlobalSection(ProjectConfigurationPlatforms) = postSolution
		{01AEF0BC-1DDD-4499-9697-370AACC2972E}.Debug|Any CPU.ActiveCfg = Debug|Any CPU
		{01AEF0BC-1DDD-4499-9697-370AACC2972E}.Debug|Any CPU.Build.0 = Debug|Any CPU
		{01AEF0BC-1DDD-4499-9697-370AACC2972E}.Release|Any CPU.ActiveCfg = Release|Any CPU
		{01AEF0BC-1DDD-4499-9697-370AACC2972E}.Release|Any CPU.Build.0 = Release|Any CPU
	EndGlobalSection
	GlobalSection(SolutionProperties) = preSolution
		HideSolutionNode = FALSE
	EndGlobalSection
	GlobalSection(ExtensibilityGlobals) = postSolution
		SolutionGuid = {EE805579-1089-40FF-8BCB-EDFB259FE334}
	EndGlobalSection
EndGlobal
